lockfileVersion: '6.0'

dependencies:
  check-disk-space:
    specifier: ^3.4.0
    version: 3.4.0
  node-os-utils:
    specifier: ^1.3.7
    version: 1.3.7

packages:

  /check-disk-space@3.4.0:
    resolution: {integrity: sha512-drVkSqfwA+TvuEhFipiR1OC9boEGZL5RrWvVsOthdcvQNXyCCuKkEiTOTXZ7qxSf/GLwq4GvzfrQD/Wz325hgw==}
    engines: {node: '>=16'}
    dev: false

  /node-os-utils@1.3.7:
    resolution: {integrity: sha512-fvnX9tZbR7WfCG5BAy3yO/nCLyjVWD6MghEq0z5FDfN+ZXpLWNITBdbifxQkQ25ebr16G0N7eRWJisOcMEHG3Q==}
    dev: false
